
Microsoft Visual Studio Solution File, Format Version 12.00
# Visual Studio Version 17
VisualStudioVersion = 17.6.33801.468
MinimumVisualStudioVersion = 10.0.40219.1
Project("{FAE04EC0-301F-11D3-BF4B-00C04F79EFBC}") = "Metran_Test", "Metran_Test\Metran_Test.csproj", "{BF7F952C-48D7-4A6F-808F-56005EBDF18C}"
EndProject
Global
	GlobalSection(SolutionConfigurationPlatforms) = preSolution
		Debug|Any CPU = Debug|Any CPU
		Release|Any CPU = Release|Any CPU
	EndGlobalSection
	GlobalSection(ProjectConfigurationPlatforms) = postSolution
		{BF7F952C-48D7-4A6F-808F-56005EBDF18C}.Debug|Any CPU.ActiveCfg = Debug|Any CPU
		{BF7F952C-48D7-4A6F-808F-56005EBDF18C}.Debug|Any CPU.Build.0 = Debug|Any CPU
		{BF7F952C-48D7-4A6F-808F-56005EBDF18C}.Release|Any CPU.ActiveCfg = Release|Any CPU
		{BF7F952C-48D7-4A6F-808F-56005EBDF18C}.Release|Any CPU.Build.0 = Release|Any CPU
	EndGlobalSection
	GlobalSection(SolutionProperties) = preSolution
		HideSolutionNode = FALSE
	EndGlobalSection
	GlobalSection(ExtensibilityGlobals) = postSolution
		SolutionGuid = {0B3F4D78-0B8F-4826-AB46-6E59300AF361}
	EndGlobalSection
EndGlobal
